
Microsoft Visual Studio Solution File, Format Version 9.00
# Visual Studio 2005
Project("{8BC9CEB8-8B4A-11D0-8D11-00A0C91BC942}") = "G38_KOMPAS", "G38_KOMPAS.vcproj", "{B714AF8F-1374-43D4-8707-4BCD54E9D858}"
EndProject
Project("{8BC9CEB8-8B4A-11D0-8D11-00A0C91BC942}") = "G_LIBS_ARM", "..\..\..\G_LIBS_ARM\G_LIBS_ARM.vcproj", "{8B729F3B-7753-473F-8A91-F876530202FD}"
EndProject
Global
	GlobalSection(SolutionConfigurationPlatforms) = preSolution
		LPC824_Debug|Win32 = LPC824_Debug|Win32
		LPC824_Release|Win32 = LPC824_Release|Win32
	EndGlobalSection
	GlobalSection(ProjectConfigurationPlatforms) = postSolution
		{B714AF8F-1374-43D4-8707-4BCD54E9D858}.LPC824_Debug|Win32.ActiveCfg = LPC824_Debug|Win32
		{B714AF8F-1374-43D4-8707-4BCD54E9D858}.LPC824_Debug|Win32.Build.0 = LPC824_Debug|Win32
		{B714AF8F-1374-43D4-8707-4BCD54E9D858}.LPC824_Release|Win32.ActiveCfg = LPC824_Release|Win32
		{B714AF8F-1374-43D4-8707-4BCD54E9D858}.LPC824_Release|Win32.Build.0 = LPC824_Release|Win32
		{8B729F3B-7753-473F-8A91-F876530202FD}.LPC824_Debug|Win32.ActiveCfg = LPC824_Debug|Win32
		{8B729F3B-7753-473F-8A91-F876530202FD}.LPC824_Debug|Win32.Build.0 = LPC824_Debug|Win32
		{8B729F3B-7753-473F-8A91-F876530202FD}.LPC824_Release|Win32.ActiveCfg = LPC824_Release|Win32
		{8B729F3B-7753-473F-8A91-F876530202FD}.LPC824_Release|Win32.Build.0 = LPC824_Release|Win32
	EndGlobalSection
	GlobalSection(SolutionProperties) = preSolution
		HideSolutionNode = FALSE
	EndGlobalSection
EndGlobal
